
Microsoft Visual Studio Solution File, Format Version 12.00
# Visual Studio Version 16
VisualStudioVersion = 16.0.30709.132
MinimumVisualStudioVersion = 10.0.40219.1
Project("{8BC9CEB8-8B4A-11D0-8D11-00A0C91BC942}") = "Bhop in CsGo", "Bhop in CsGo\Bhop in CsGo.vcxproj", "{D42223CB-490F-4C32-8195-EAFA01B9F03A}"
EndProject
Global
	GlobalSection(SolutionConfigurationPlatforms) = preSolution
		Debug|x64 = Debug|x64
		Debug|x86 = Debug|x86
		Release|x64 = Release|x64
		Release|x86 = Release|x86
	EndGlobalSection
	GlobalSection(ProjectConfigurationPlatforms) = postSolution
		{D42223CB-490F-4C32-8195-EAFA01B9F03A}.Debug|x64.ActiveCfg = Debug|x64
		{D42223CB-490F-4C32-8195-EAFA01B9F03A}.Debug|x64.Build.0 = Debug|x64
		{D42223CB-490F-4C32-8195-EAFA01B9F03A}.Debug|x86.ActiveCfg = Debug|Win32
		{D42223CB-490F-4C32-8195-EAFA01B9F03A}.Debug|x86.Build.0 = Debug|Win32
		{D42223CB-490F-4C32-8195-EAFA01B9F03A}.Release|x64.ActiveCfg = Release|x64
		{D42223CB-490F-4C32-8195-EAFA01B9F03A}.Release|x64.Build.0 = Release|x64
		{D42223CB-490F-4C32-8195-EAFA01B9F03A}.Release|x86.ActiveCfg = Release|Win32
		{D42223CB-490F-4C32-8195-EAFA01B9F03A}.Release|x86.Build.0 = Release|Win32
	EndGlobalSection
	GlobalSection(SolutionProperties) = preSolution
		HideSolutionNode = FALSE
	EndGlobalSection
	GlobalSection(ExtensibilityGlobals) = postSolution
		SolutionGuid = {CEAE029C-0432-4123-B7D2-AF4C10FE0213}
	EndGlobalSection
EndGlobal
